
Microsoft Visual Studio Solution File, Format Version 12.00
# Visual Studio Version 17
VisualStudioVersion = 17.5.002.0
MinimumVisualStudioVersion = 10.0.40219.1
Project("{9A19103F-16F7-4668-BE54-9A1E7A4F7556}") = "exCliente_funcionario", "exCliente_funcionario.csproj", "{EEDC6C14-593B-4EB3-8050-97907A23B61C}"
EndProject
Global
	GlobalSection(SolutionConfigurationPlatforms) = preSolution
		Debug|Any CPU = Debug|Any CPU
		Release|Any CPU = Release|Any CPU
	EndGlobalSection
	GlobalSection(ProjectConfigurationPlatforms) = postSolution
		{EEDC6C14-593B-4EB3-8050-97907A23B61C}.Debug|Any CPU.ActiveCfg = Debug|Any CPU
		{EEDC6C14-593B-4EB3-8050-97907A23B61C}.Debug|Any CPU.Build.0 = Debug|Any CPU
		{EEDC6C14-593B-4EB3-8050-97907A23B61C}.Release|Any CPU.ActiveCfg = Release|Any CPU
		{EEDC6C14-593B-4EB3-8050-97907A23B61C}.Release|Any CPU.Build.0 = Release|Any CPU
	EndGlobalSection
	GlobalSection(SolutionProperties) = preSolution
		HideSolutionNode = FALSE
	EndGlobalSection
	GlobalSection(ExtensibilityGlobals) = postSolution
		SolutionGuid = {C59E7DAA-8282-4C6D-A232-3439E662CF80}
	EndGlobalSection
EndGlobal
